
Microsoft Visual Studio Solution File, Format Version 12.00
# Visual Studio 14
VisualStudioVersion = 14.0.24720.0
MinimumVisualStudioVersion = 10.0.40219.1
Project("{2150E333-8FDC-42A3-9474-1A3956D46DE8}") = "src", "src", "{244C3C4A-39EA-415D-8110-785978D1C936}"
EndProject
Project("{2150E333-8FDC-42A3-9474-1A3956D46DE8}") = "Solution Items", "Solution Items", "{F018FEE7-AAEA-4550-A85F-9829ADAE6DB1}"
	ProjectSection(SolutionItems) = preProject
		global.json = global.json
	EndProjectSection
EndProject
Project("{8BB2217D-0F2D-49D1-97BC-3654ED321F3B}") = "TheWorld", "src\TheWorld\TheWorld.xproj", "{1BC6E91A-10FC-4D81-997B-AB9DD1FE1379}"
EndProject
Project("{2150E333-8FDC-42A3-9474-1A3956D46DE8}") = "PublishScripts", "PublishScripts", "{4EDC8552-7687-407D-8285-C14010546B65}"
EndProject
Project("{2150E333-8FDC-42A3-9474-1A3956D46DE8}") = "Scripts", "Scripts", "{AE2BA7CE-9FA1-4C53-873A-0D0195E868AF}"
	ProjectSection(SolutionItems) = preProject
		PublishScripts\Scripts\Deploy-AzureResourceGroup.ps1 = PublishScripts\Scripts\Deploy-AzureResourceGroup.ps1
	EndProjectSection
EndProject
Project("{2150E333-8FDC-42A3-9474-1A3956D46DE8}") = "Templates", "Templates", "{EEEC887E-C78C-40B7-833B-504BBA2B24BD}"
	ProjectSection(SolutionItems) = preProject
		PublishScripts\Templates\TheWorld.json = PublishScripts\Templates\TheWorld.json
		PublishScripts\Templates\TheWorld.param.dev.json = PublishScripts\Templates\TheWorld.param.dev.json
	EndProjectSection
EndProject
Global
	GlobalSection(SolutionConfigurationPlatforms) = preSolution
		Debug|Any CPU = Debug|Any CPU
		Release|Any CPU = Release|Any CPU
	EndGlobalSection
	GlobalSection(ProjectConfigurationPlatforms) = postSolution
		{1BC6E91A-10FC-4D81-997B-AB9DD1FE1379}.Debug|Any CPU.ActiveCfg = Debug|Any CPU
		{1BC6E91A-10FC-4D81-997B-AB9DD1FE1379}.Debug|Any CPU.Build.0 = Debug|Any CPU
		{1BC6E91A-10FC-4D81-997B-AB9DD1FE1379}.Release|Any CPU.ActiveCfg = Release|Any CPU
		{1BC6E91A-10FC-4D81-997B-AB9DD1FE1379}.Release|Any CPU.Build.0 = Release|Any CPU
	EndGlobalSection
	GlobalSection(SolutionProperties) = preSolution
		HideSolutionNode = FALSE
	EndGlobalSection
	GlobalSection(NestedProjects) = preSolution
		{1BC6E91A-10FC-4D81-997B-AB9DD1FE1379} = {244C3C4A-39EA-415D-8110-785978D1C936}
		{AE2BA7CE-9FA1-4C53-873A-0D0195E868AF} = {4EDC8552-7687-407D-8285-C14010546B65}
		{EEEC887E-C78C-40B7-833B-504BBA2B24BD} = {4EDC8552-7687-407D-8285-C14010546B65}
	EndGlobalSection
EndGlobal
